// !$*UTF8*$!
{
	archiveVersion = 1;
	classes = {
	};
	objectVersion = 46;
	objects = {

/* Begin PBXBuildFile section */
		8FF1B7141B14C334009DAAFC /* AppDelegate.swift in Sources */ = {isa = PBXBuildFile; fileRef = 8FF1B7131B14C334009DAAFC /* AppDelegate.swift */; };
		8FF1B7161B14C334009DAAFC /* ViewController.swift in Sources */ = {isa = PBXBuildFile; fileRef = 8FF1B7151B14C334009DAAFC /* ViewController.swift */; };
		8FF1B7191B14C334009DAAFC /* Main.storyboard in Resources */ = {isa = PBXBuildFile; fileRef = 8FF1B7171B14C334009DAAFC /* Main.storyboard */; };
		8FF1B71B1B14C334009DAAFC /* Images.xcassets in Resources */ = {isa = PBXBuildFile; fileRef = 8FF1B71A1B14C334009DAAFC /* Images.xcassets */; };
		8FF1B71E1B14C334009DAAFC /* LaunchScreen.xib in Resources */ = {isa = PBXBuildFile; fileRef = 8FF1B71C1B14C334009DAAFC /* LaunchScreen.xib */; };
		8FF1B72A1B14C334009DAAFC /* PostcardTests.swift in Sources */ = {isa = PBXBuildFile; fileRef = 8FF1B7291B14C334009DAAFC /* PostcardTests.swift */; };
		8FF1B7341B14CEA0009DAAFC /* SagradaFamilia.jpeg in Resources */ = {isa = PBXBuildFile; fileRef = 8FF1B7331B14CEA0009DAAFC /* SagradaFamilia.jpeg */; };
		8FF1B7361B14DFBB009DAAFC /* AlbertEinsteinStamp.jpg in Resources */ = {isa = PBXBuildFile; fileRef = 8FF1B7351B14DFBB009DAAFC /* AlbertEinsteinStamp.jpg */; };
/* End PBXBuildFile section */

/* Begin PBXContainerItemProxy section */
		8FF1B7241B14C334009DAAFC /* PBXContainerItemProxy */ = {
			isa = PBXContainerItemProxy;
			containerPortal = 8FF1B7061B14C334009DAAFC /* Project object */;
			proxyType = 1;
			remoteGlobalIDString = 8FF1B70D1B14C334009DAAFC;
			remoteInfo = Postcard;
		};
/* End PBXContainerItemProxy section */

/* Begin PBXFileReference section */
		8FF1B70E1B14C334009DAAFC /* Postcard.app */ = {isa = PBXFileReference; explicitFileType = wrapper.application; includeInIndex = 0; path = Postcard.app; sourceTree = BUILT_PRODUCTS_DIR; };
		8FF1B7121B14C334009DAAFC /* Info.plist */ = {isa = PBXFileReference; lastKnownFileType = text.plist.xml; path = Info.plist; sourceTree = "<group>"; };
		8FF1B7131B14C334009DAAFC /* AppDelegate.swift */ = {isa = PBXFileReference; lastKnownFileType = sourcecode.swift; path = AppDelegate.swift; sourceTree = "<group>"; };
		8FF1B7151B14C334009DAAFC /* ViewController.swift */ = {isa = PBXFileReference; lastKnownFileType = sourcecode.swift; path = ViewController.swift; sourceTree = "<group>"; };
		8FF1B7181B14C334009DAAFC /* Base */ = {isa = PBXFileReference; lastKnownFileType = file.storyboard; name = Base; path = Base.lproj/Main.storyboard; sourceTree = "<group>"; };
		8FF1B71A1B14C334009DAAFC /* Images.xcassets */ = {isa = PBXFileReference; lastKnownFileType = folder.assetcatalog; path = Images.xcassets; sourceTree = "<group>"; };
		8FF1B71D1B14C334009DAAFC /* Base */ = {isa = PBXFileReference; lastKnownFileType = file.xib; name = Base; path = Base.lproj/LaunchScreen.xib; sourceTree = "<group>"; };
		8FF1B7231B14C334009DAAFC /* PostcardTests.xctest */ = {isa = PBXFileReference; explicitFileType = wrapper.cfbundle; includeInIndex = 0; path = PostcardTests.xctest; sourceTree = BUILT_PRODUCTS_DIR; };
		8FF1B7281B14C334009DAAFC /* Info.plist */ = {isa = PBXFileReference; lastKnownFileType = text.plist.xml; path = Info.plist; sourceTree = "<group>"; };
		8FF1B7291B14C334009DAAFC /* PostcardTests.swift */ = {isa = PBXFileReference; lastKnownFileType = sourcecode.swift; path = PostcardTests.swift; sourceTree = "<group>"; };
		8FF1B7331B14CEA0009DAAFC /* SagradaFamilia.jpeg */ = {isa = PBXFileReference; lastKnownFileType = image.jpeg; path = SagradaFamilia.jpeg; sourceTree = "<group>"; };
		8FF1B7351B14DFBB009DAAFC /* AlbertEinsteinStamp.jpg */ = {isa = PBXFileReference; lastKnownFileType = image.jpeg; name = AlbertEinsteinStamp.jpg; path = ../AlbertEinsteinStamp.jpg; sourceTree = "<group>"; };
/* End PBXFileReference section */

/* Begin PBXFrameworksBuildPhase section */
		8FF1B70B1B14C334009DAAFC /* Frameworks */ = {
			isa = PBXFrameworksBuildPhase;
			buildActionMask = 2147483647;
			files = (
			);
			runOnlyForDeploymentPostprocessing = 0;
		};
		8FF1B7201B14C334009DAAFC /* Frameworks */ = {
			isa = PBXFrameworksBuildPhase;
			buildActionMask = 2147483647;
			files = (
			);
			runOnlyForDeploymentPostprocessing = 0;
		};
/* End PBXFrameworksBuildPhase section */

/* Begin PBXGroup section */
		8FF1B7051B14C334009DAAFC = {
			isa = PBXGroup;
			children = (
				8FF1B7101B14C334009DAAFC /* Postcard */,
				8FF1B7261B14C334009DAAFC /* PostcardTests */,
				8FF1B70F1B14C334009DAAFC /* Products */,
			);
			sourceTree = "<group>";
		};
		8FF1B70F1B14C334009DAAFC /* Products */ = {
			isa = PBXGroup;
			children = (
				8FF1B70E1B14C334009DAAFC /* Postcard.app */,
				8FF1B7231B14C334009DAAFC /* PostcardTests.xctest */,
			);
			name = Products;
			sourceTree = "<group>";
		};
		8FF1B7101B14C334009DAAFC /* Postcard */ = {
			isa = PBXGroup;
			children = (
				8FF1B7131B14C334009DAAFC /* AppDelegate.swift */,
				8FF1B7151B14C334009DAAFC /* ViewController.swift */,
				8FF1B7171B14C334009DAAFC /* Main.storyboard */,
				8FF1B71A1B14C334009DAAFC /* Images.xcassets */,
				8FF1B71C1B14C334009DAAFC /* LaunchScreen.xib */,
				8FF1B7111B14C334009DAAFC /* Supporting Files */,
			);
			path = Postcard;
			sourceTree = "<group>";
		};
		8FF1B7111B14C334009DAAFC /* Supporting Files */ = {
			isa = PBXGroup;
			children = (
				8FF1B7331B14CEA0009DAAFC /* SagradaFamilia.jpeg */,
				8FF1B7121B14C334009DAAFC /* Info.plist */,
			);
			name = "Supporting Files";
			sourceTree = "<group>";
		};
		8FF1B7261B14C334009DAAFC /* PostcardTests */ = {
			isa = PBXGroup;
			children = (
				8FF1B7291B14C334009DAAFC /* PostcardTests.swift */,
				8FF1B7271B14C334009DAAFC /* Supporting Files */,
			);
			path = PostcardTests;
			sourceTree = "<group>";
		};
		8FF1B7271B14C334009DAAFC /* Supporting Files */ = {
			isa = PBXGroup;
			children = (
				8FF1B7351B14DFBB009DAAFC /* AlbertEinsteinStamp.jpg */,
				8FF1B7281B14C334009DAAFC /* Info.plist */,
			);
			name = "Supporting Files";
			sourceTree = "<group>";
		};
/* End PBXGroup section */

/* Begin PBXNativeTarget section */
		8FF1B70D1B14C334009DAAFC /* Postcard */ = {
			isa = PBXNativeTarget;
			buildConfigurationList = 8FF1B72D1B14C334009DAAFC /* Build configuration list for PBXNativeTarget "Postcard" */;
			buildPhases = (
				8FF1B70A1B14C334009DAAFC /* Sources */,
				8FF1B70B1B14C334009DAAFC /* Frameworks */,
				8FF1B70C1B14C334009DAAFC /* Resources */,
			);
			buildRules = (
			);
			dependencies = (
			);
			name = Postcard;
			productName = Postcard;
			productReference = 8FF1B70E1B14C334009DAAFC /* Postcard.app */;
			productType = "com.apple.product-type.application";
		};
		8FF1B7221B14C334009DAAFC /* PostcardTests */ = {
			isa = PBXNativeTarget;
			buildConfigurationList = 8FF1B7301B14C334009DAAFC /* Build configuration list for PBXNativeTarget "PostcardTests" */;
			buildPhases = (
				8FF1B71F1B14C334009DAAFC /* Sources */,
				8FF1B7201B14C334009DAAFC /* Frameworks */,
				8FF1B7211B14C334009DAAFC /* Resources */,
			);
			buildRules = (
			);
			dependencies = (
				8FF1B7251B14C334009DAAFC /* PBXTargetDependency */,
			);
			name = PostcardTests;
			productName = PostcardTests;
			productReference = 8FF1B7231B14C334009DAAFC /* PostcardTests.xctest */;
			productType = "com.apple.product-type.bundle.unit-test";
		};
/* End PBXNativeTarget section */

/* Begin PBXProject section */
		8FF1B7061B14C334009DAAFC /* Project object */ = {
			isa = PBXProject;
			attributes = {
				LastUpgradeCheck = 0630;
				ORGANIZATIONNAME = "Andreas Westin";
				TargetAttributes = {
					8FF1B70D1B14C334009DAAFC = {
						CreatedOnToolsVersion = 6.3.2;
					};
					8FF1B7221B14C334009DAAFC = {
						CreatedOnToolsVersion = 6.3.2;
						TestTargetID = 8FF1B70D1B14C334009DAAFC;
					};
				};
			};
			buildConfigurationList = 8FF1B7091B14C334009DAAFC /* Build configuration list for PBXProject "Postcard" */;
			compatibilityVersion = "Xcode 3.2";
			developmentRegion = English;
			hasScannedForEncodings = 0;
			knownRegions = (
				en,
				Base,
			);
			mainGroup = 8FF1B7051B14C334009DAAFC;
			productRefGroup = 8FF1B70F1B14C334009DAAFC /* Products */;
			projectDirPath = "";
			projectRoot = "";
			targets = (
				8FF1B70D1B14C334009DAAFC /* Postcard */,
				8FF1B7221B14C334009DAAFC /* PostcardTests */,
			);
		};
/* End PBXProject section */

/* Begin PBXResourcesBuildPhase section */
		8FF1B70C1B14C334009DAAFC /* Resources */ = {
			isa = PBXResourcesBuildPhase;
			buildActionMask = 2147483647;
			files = (
				8FF1B7191B14C334009DAAFC /* Main.storyboard in Resources */,
				8FF1B7341B14CEA0009DAAFC /* SagradaFamilia.jpeg in Resources */,
				8FF1B7361B14DFBB009DAAFC /* AlbertEinsteinStamp.jpg in Resources */,
				8FF1B71E1B14C334009DAAFC /* LaunchScreen.xib in Resources */,
				8FF1B71B1B14C334009DAAFC /* Images.xcassets in Resources */,
			);
			runOnlyForDeploymentPostprocessing = 0;
		};
		8FF1B7211B14C334009DAAFC /* Resources */ = {
			isa = PBXResourcesBuildPhase;
			buildActionMask = 2147483647;
			files = (
			);
			runOnlyForDeploymentPostprocessing = 0;
		};
/* End PBXResourcesBuildPhase section */

/* Begin PBXSourcesBuildPhase section */
		8FF1B70A1B14C334009DAAFC /* Sources */ = {
			isa = PBXSourcesBuildPhase;
			buildActionMask = 2147483647;
			files = (
				8FF1B7161B14C334009DAAFC /* ViewController.swift in Sources */,
				8FF1B7141B14C334009DAAFC /* AppDelegate.swift in Sources */,
			);
			runOnlyForDeploymentPostprocessing = 0;
		};
		8FF1B71F1B14C334009DAAFC /* Sources */ = {
			isa = PBXSourcesBuildPhase;
			buildActionMask = 2147483647;
			files = (
				8FF1B72A1B14C334009DAAFC /* PostcardTests.swift in Sources */,
			);
			runOnlyForDeploymentPostprocessing = 0;
		};
/* End PBXSourcesBuildPhase section */

/* Begin PBXTargetDependency section */
		8FF1B7251B14C334009DAAFC /* PBXTargetDependency */ = {
			isa = PBXTargetDependency;
			target = 8FF1B70D1B14C334009DAAFC /* Postcard */;
			targetProxy = 8FF1B7241B14C334009DAAFC /* PBXContainerItemProxy */;
		};
/* End PBXTargetDependency section */

/* Begin PBXVariantGroup section */
		8FF1B7171B14C334009DAAFC /* Main.storyboard */ = {
			isa = PBXVariantGroup;
			children = (
				8FF1B7181B14C334009DAAFC /* Base */,
			);
			name = Main.storyboard;
			sourceTree = "<group>";
		};
		8FF1B71C1B14C334009DAAFC /* LaunchScreen.xib */ = {
			isa = PBXVariantGroup;
			children = (
				8FF1B71D1B14C334009DAAFC /* Base */,
			);
			name = LaunchScreen.xib;
			sourceTree = "<group>";
		};
/* End PBXVariantGroup section */

/* Begin XCBuildConfiguration section */
		8FF1B72B1B14C334009DAAFC /* Debug */ = {
			isa = XCBuildConfiguration;
			buildSettings = {
				ALWAYS_SEARCH_USER_PATHS = NO;
				CLANG_CXX_LANGUAGE_STANDARD = "gnu++0x";
				CLANG_CXX_LIBRARY = "libc++";
				CLANG_ENABLE_MODULES = YES;
				CLANG_ENABLE_OBJC_ARC = YES;
				CLANG_WARN_BOOL_CONVERSION = YES;
				CLANG_WARN_CONSTANT_CONVERSION = YES;
				CLANG_WARN_DIRECT_OBJC_ISA_USAGE = YES_ERROR;
				CLANG_WARN_EMPTY_BODY = YES;
				CLANG_WARN_ENUM_CONVERSION = YES;
				CLANG_WARN_INT_CONVERSION = YES;
				CLANG_WARN_OBJC_ROOT_CLASS = YES_ERROR;
				CLANG_WARN_UNREACHABLE_CODE = YES;
				CLANG_WARN__DUPLICATE_METHOD_MATCH = YES;
				"CODE_SIGN_IDENTITY[sdk=iphoneos*]" = "iPhone Developer";
				COPY_PHASE_STRIP = NO;
				DEBUG_INFORMATION_FORMAT = "dwarf-with-dsym";
				ENABLE_STRICT_OBJC_MSGSEND = YES;
				GCC_C_LANGUAGE_STANDARD = gnu99;
				GCC_DYNAMIC_NO_PIC = NO;
				GCC_NO_COMMON_BLOCKS = YES;
				GCC_OPTIMIZATION_LEVEL = 0;
				GCC_PREPROCESSOR_DEFINITIONS = (
					"DEBUG=1",
					"$(inherited)",
				);
				GCC_SYMBOLS_PRIVATE_EXTERN = NO;
				GCC_WARN_64_TO_32_BIT_CONVERSION = YES;
				GCC_WARN_ABOUT_RETURN_TYPE = YES_ERROR;
				GCC_WARN_UNDECLARED_SELECTOR = YES;
				GCC_WARN_UNINITIALIZED_AUTOS = YES_AGGRESSIVE;
				GCC_WARN_UNUSED_FUNCTION = YES;
				GCC_WARN_UNUSED_VARIABLE = YES;
				IPHONEOS_DEPLOYMENT_TARGET = 8.3;
				MTL_ENABLE_DEBUG_INFO = YES;
				ONLY_ACTIVE_ARCH = YES;
				SDKROOT = iphoneos;
				SWIFT_OPTIMIZATION_LEVEL = "-Onone";
				TARGETED_DEVICE_FAMILY = "1,2";
			};
			name = Debug;
		};
		8FF1B72C1B14C334009DAAFC /* Release */ = {
			isa = XCBuildConfiguration;
			buildSettings = {
				ALWAYS_SEARCH_USER_PATHS = NO;
				CLANG_CXX_LANGUAGE_STANDARD = "gnu++0x";
				CLANG_CXX_LIBRARY = "libc++";
				CLANG_ENABLE_MODULES = YES;
				CLANG_ENABLE_OBJC_ARC = YES;
				CLANG_WARN_BOOL_CONVERSION = YES;
				CLANG_WARN_CONSTANT_CONVERSION = YES;
				CLANG_WARN_DIRECT_OBJC_ISA_USAGE = YES_ERROR;
				CLANG_WARN_EMPTY_BODY = YES;
				CLANG_WARN_ENUM_CONVERSION = YES;
				CLANG_WARN_INT_CONVERSION = YES;
				CLANG_WARN_OBJC_ROOT_CLASS = YES_ERROR;
				CLANG_WARN_UNREACHABLE_CODE = YES;
				CLANG_WARN__DUPLICATE_METHOD_MATCH = YES;
				"CODE_SIGN_IDENTITY[sdk=iphoneos*]" = "iPhone Developer";
				COPY_PHASE_STRIP = NO;
				DEBUG_INFORMATION_FORMAT = "dwarf-with-dsym";
				ENABLE_NS_ASSERTIONS = NO;
				ENABLE_STRICT_OBJC_MSGSEND = YES;
				GCC_C_LANGUAGE_STANDARD = gnu99;
				GCC_NO_COMMON_BLOCKS = YES;
				GCC_WARN_64_TO_32_BIT_CONVERSION = YES;
				GCC_WARN_ABOUT_RETURN_TYPE = YES_ERROR;
				GCC_WARN_UNDECLARED_SELECTOR = YES;
				GCC_WARN_UNINITIALIZED_AUTOS = YES_AGGRESSIVE;
				GCC_WARN_UNUSED_FUNCTION = YES;
				GCC_WARN_UNUSED_VARIABLE = YES;
				IPHONEOS_DEPLOYMENT_TARGET = 8.3;
				MTL_ENABLE_DEBUG_INFO = NO;
				SDKROOT = iphoneos;
				TARGETED_DEVICE_FAMILY = "1,2";
				VALIDATE_PRODUCT = YES;
			};
			name = Release;
		};
		8FF1B72E1B14C334009DAAFC /* Debug */ = {
			isa = XCBuildConfiguration;
			buildSettings = {
				ASSETCATALOG_COMPILER_APPICON_NAME = AppIcon;
				INFOPLIST_FILE = Postcard/Info.plist;
				LD_RUNPATH_SEARCH_PATHS = "$(inherited) @executable_path/Frameworks";
				PRODUCT_NAME = "$(TARGET_NAME)";
			};
			name = Debug;
		};
		8FF1B72F1B14C334009DAAFC /* Release */ = {
			isa = XCBuildConfiguration;
			buildSettings = {
				ASSETCATALOG_COMPILER_APPICON_NAME = AppIcon;
				INFOPLIST_FILE = Postcard/Info.plist;
				LD_RUNPATH_SEARCH_PATHS = "$(inherited) @executable_path/Frameworks";
				PRODUCT_NAME = "$(TARGET_NAME)";
			};
			name = Release;
		};
		8FF1B7311B14C334009DAAFC /* Debug */ = {
			isa = XCBuildConfiguration;
			buildSettings = {
				BUNDLE_LOADER = "$(TEST_HOST)";
				FRAMEWORK_SEARCH_PATHS = (
					"$(SDKROOT)/Developer/Library/Frameworks",
					"$(inherited)",
				);
				GCC_PREPROCESSOR_DEFINITIONS = (
					"DEBUG=1",
					"$(inherited)",
				);
				INFOPLIST_FILE = PostcardTests/Info.plist;
				LD_RUNPATH_SEARCH_PATHS = "$(inherited) @executable_path/Frameworks @loader_path/Frameworks";
				PRODUCT_NAME = "$(TARGET_NAME)";
				TEST_HOST = "$(BUILT_PRODUCTS_DIR)/Postcard.app/Postcard";
			};
			name = Debug;
		};
		8FF1B7321B14C334009DAAFC /* Release */ = {
			isa = XCBuildConfiguration;
			buildSettings = {
				BUNDLE_LOADER = "$(TEST_HOST)";
				FRAMEWORK_SEARCH_PATHS = (
					"$(SDKROOT)/Developer/Library/Frameworks",
					"$(inherited)",
				);
				INFOPLIST_FILE = PostcardTests/Info.plist;
				LD_RUNPATH_SEARCH_PATHS = "$(inherited) @executable_path/Frameworks @loader_path/Frameworks";
				PRODUCT_NAME = "$(TARGET_NAME)";
				TEST_HOST = "$(BUILT_PRODUCTS_DIR)/Postcard.app/Postcard";
			};
			name = Release;
		};
/* End XCBuildConfiguration section */

/* Begin XCConfigurationList section */
		8FF1B7091B14C334009DAAFC /* Build configuration list for PBXProject "Postcard" */ = {
			isa = XCConfigurationList;
			buildConfigurations = (
				8FF1B72B1B14C334009DAAFC /* Debug */,
				8FF1B72C1B14C334009DAAFC /* Release */,
			);
			defaultConfigurationIsVisible = 0;
			defaultConfigurationName = Release;
		};
		8FF1B72D1B14C334009DAAFC /* Build configuration list for PBXNativeTarget "Postcard" */ = {
			isa = XCConfigurationList;
			buildConfigurations = (
				8FF1B72E1B14C334009DAAFC /* Debug */,
				8FF1B72F1B14C334009DAAFC /* Release */,
			);
			defaultConfigurationIsVisible = 0;
		};
		8FF1B7301B14C334009DAAFC /* Build configuration list for PBXNativeTarget "PostcardTests" */ = {
			isa = XCConfigurationList;
			buildConfigurations = (
				8FF1B7311B14C334009DAAFC /* Debug */,
				8FF1B7321B14C334009DAAFC /* Release */,
			);
			defaultConfigurationIsVisible = 0;
		};
/* End XCConfigurationList section */
	};
	rootObject = 8FF1B7061B14C334009DAAFC /* Project object */;
}
